
Microsoft Visual Studio Solution File, Format Version 12.00
# Visual Studio Version 17
VisualStudioVersion = 17.8.34330.188
MinimumVisualStudioVersion = 10.0.40219.1
Project("{FAE04EC0-301F-11D3-BF4B-00C04F79EFBC}") = "PerfTestDLLFA", "PerfTestDLLFA.csproj", "{05AB1274-E9C3-4A07-B91D-940C985E2568}"
EndProject
Global
	GlobalSection(SolutionConfigurationPlatforms) = preSolution
		Debug|Any CPU = Debug|Any CPU
		Release|Any CPU = Release|Any CPU
	EndGlobalSection
	GlobalSection(ProjectConfigurationPlatforms) = postSolution
		{05AB1274-E9C3-4A07-B91D-940C985E2568}.Debug|Any CPU.ActiveCfg = Debug|Any CPU
		{05AB1274-E9C3-4A07-B91D-940C985E2568}.Debug|Any CPU.Build.0 = Debug|Any CPU
		{05AB1274-E9C3-4A07-B91D-940C985E2568}.Release|Any CPU.ActiveCfg = Release|Any CPU
		{05AB1274-E9C3-4A07-B91D-940C985E2568}.Release|Any CPU.Build.0 = Release|Any CPU
	EndGlobalSection
	GlobalSection(SolutionProperties) = preSolution
		HideSolutionNode = FALSE
	EndGlobalSection
	GlobalSection(ExtensibilityGlobals) = postSolution
		SolutionGuid = {4EFB13AE-1708-4868-806B-37F700707B0B}
	EndGlobalSection
EndGlobal
